
Microsoft Visual Studio Solution File, Format Version 12.00
# Visual Studio 15
VisualStudioVersion = 15.0.28010.2048
MinimumVisualStudioVersion = 10.0.40219.1
Project("{9A19103F-16F7-4668-BE54-9A1E7A4F7556}") = "CommunityPricing", "CommunityPricing\CommunityPricing.csproj", "{2DB1BE45-2868-43C5-8CB0-889C96218FC4}"
EndProject
Global
	GlobalSection(SolutionConfigurationPlatforms) = preSolution
		Debug|Any CPU = Debug|Any CPU
		Release|Any CPU = Release|Any CPU
	EndGlobalSection
	GlobalSection(ProjectConfigurationPlatforms) = postSolution
		{2DB1BE45-2868-43C5-8CB0-889C96218FC4}.Debug|Any CPU.ActiveCfg = Debug|Any CPU
		{2DB1BE45-2868-43C5-8CB0-889C96218FC4}.Debug|Any CPU.Build.0 = Debug|Any CPU
		{2DB1BE45-2868-43C5-8CB0-889C96218FC4}.Release|Any CPU.ActiveCfg = Release|Any CPU
		{2DB1BE45-2868-43C5-8CB0-889C96218FC4}.Release|Any CPU.Build.0 = Release|Any CPU
	EndGlobalSection
	GlobalSection(SolutionProperties) = preSolution
		HideSolutionNode = FALSE
	EndGlobalSection
	GlobalSection(ExtensibilityGlobals) = postSolution
		SolutionGuid = {0CF8BBA5-D404-4FB1-A8B2-7A9C5AE92850}
	EndGlobalSection
EndGlobal
